// !$*UTF8*$!
{
	archiveVersion = 1;
	classes = {
	};
	objectVersion = 46;
	objects = {

/* Begin PBXBuildFile section */
		4204A2C5196FFB22000D94CB /* SolveChallengeViewController.m in Sources */ = {isa = PBXBuildFile; fileRef = 4204A2C4196FFB22000D94CB /* SolveChallengeViewController.m */; };
		4204A2C8196FFD24000D94CB /* Question.m in Sources */ = {isa = PBXBuildFile; fileRef = 4204A2C7196FFD24000D94CB /* Question.m */; };
		4204A2CB196FFD75000D94CB /* GameScore.m in Sources */ = {isa = PBXBuildFile; fileRef = 4204A2CA196FFD75000D94CB /* GameScore.m */; };
		4204A2D019700320000D94CB /* AAShareBubbles.bundle in Resources */ = {isa = PBXBuildFile; fileRef = 4204A2CD19700320000D94CB /* AAShareBubbles.bundle */; };
		4204A2D119700320000D94CB /* AAShareBubbles.m in Sources */ = {isa = PBXBuildFile; fileRef = 4204A2CF19700320000D94CB /* AAShareBubbles.m */; };
		4204A2D419700528000D94CB /* share52.png in Resources */ = {isa = PBXBuildFile; fileRef = 4204A2D219700528000D94CB /* share52.png */; };
		4204A2D519700528000D94CB /* share52@2x.png in Resources */ = {isa = PBXBuildFile; fileRef = 4204A2D319700528000D94CB /* share52@2x.png */; };
		4242FEEE19695DF100245ABC /* MKAnnotationView+WebCache.m in Sources */ = {isa = PBXBuildFile; fileRef = 4242FECE19695DF100245ABC /* MKAnnotationView+WebCache.m */; };
		4242FEEF19695DF100245ABC /* NSData+ImageContentType.m in Sources */ = {isa = PBXBuildFile; fileRef = 4242FED019695DF100245ABC /* NSData+ImageContentType.m */; };
		4242FEF019695DF100245ABC /* SDImageCache.m in Sources */ = {isa = PBXBuildFile; fileRef = 4242FED219695DF100245ABC /* SDImageCache.m */; };
		4242FEF119695DF100245ABC /* SDWebImageCompat.m in Sources */ = {isa = PBXBuildFile; fileRef = 4242FED419695DF100245ABC /* SDWebImageCompat.m */; };
		4242FEF219695DF100245ABC /* SDWebImageDecoder.m in Sources */ = {isa = PBXBuildFile; fileRef = 4242FED619695DF100245ABC /* SDWebImageDecoder.m */; };
		4242FEF319695DF100245ABC /* SDWebImageDownloader.m in Sources */ = {isa = PBXBuildFile; fileRef = 4242FED819695DF100245ABC /* SDWebImageDownloader.m */; };
		4242FEF419695DF100245ABC /* SDWebImageDownloaderOperation.m in Sources */ = {isa = PBXBuildFile; fileRef = 4242FEDA19695DF100245ABC /* SDWebImageDownloaderOperation.m */; };
		4242FEF519695DF100245ABC /* SDWebImageManager.m in Sources */ = {isa = PBXBuildFile; fileRef = 4242FEDC19695DF100245ABC /* SDWebImageManager.m */; };
		4242FEF619695DF100245ABC /* SDWebImagePrefetcher.m in Sources */ = {isa = PBXBuildFile; fileRef = 4242FEDF19695DF100245ABC /* SDWebImagePrefetcher.m */; };
		4242FEF719695DF100245ABC /* UIButton+WebCache.m in Sources */ = {isa = PBXBuildFile; fileRef = 4242FEE119695DF100245ABC /* UIButton+WebCache.m */; };
		4242FEF819695DF100245ABC /* UIImage+GIF.m in Sources */ = {isa = PBXBuildFile; fileRef = 4242FEE319695DF100245ABC /* UIImage+GIF.m */; };
		4242FEF919695DF100245ABC /* UIImage+MultiFormat.m in Sources */ = {isa = PBXBuildFile; fileRef = 4242FEE519695DF100245ABC /* UIImage+MultiFormat.m */; };
		4242FEFA19695DF100245ABC /* UIImage+WebP.m in Sources */ = {isa = PBXBuildFile; fileRef = 4242FEE719695DF100245ABC /* UIImage+WebP.m */; };
		4242FEFB19695DF100245ABC /* UIImageView+HighlightedWebCache.m in Sources */ = {isa = PBXBuildFile; fileRef = 4242FEE919695DF100245ABC /* UIImageView+HighlightedWebCache.m */; };
		4242FEFC19695DF100245ABC /* UIImageView+WebCache.m in Sources */ = {isa = PBXBuildFile; fileRef = 4242FEEB19695DF100245ABC /* UIImageView+WebCache.m */; };
		4242FEFD19695DF100245ABC /* UIView+WebCacheOperation.m in Sources */ = {isa = PBXBuildFile; fileRef = 4242FEED19695DF100245ABC /* UIView+WebCacheOperation.m */; };
		425502201972BBD200AFC474 /* GalleryCellView.m in Sources */ = {isa = PBXBuildFile; fileRef = 4255021F1972BBD200AFC474 /* GalleryCellView.m */; };
		4259B17019714F4C006BF9CA /* coin84.png in Resources */ = {isa = PBXBuildFile; fileRef = 4259B16C19714F4C006BF9CA /* coin84.png */; };
		4259B17119714F4C006BF9CA /* coin84@2x.png in Resources */ = {isa = PBXBuildFile; fileRef = 4259B16D19714F4C006BF9CA /* coin84@2x.png */; };
		4259B17219714F4C006BF9CA /* coin44.png in Resources */ = {isa = PBXBuildFile; fileRef = 4259B16E19714F4C006BF9CA /* coin44.png */; };
		4259B17319714F4C006BF9CA /* coin44@2x.png in Resources */ = {isa = PBXBuildFile; fileRef = 4259B16F19714F4C006BF9CA /* coin44@2x.png */; };
		4259B17519716817006BF9CA /* loading.png in Resources */ = {isa = PBXBuildFile; fileRef = 4259B17419716817006BF9CA /* loading.png */; };
		4275515219722892004465D7 /* GalleryViewController.m in Sources */ = {isa = PBXBuildFile; fileRef = 4275515119722892004465D7 /* GalleryViewController.m */; };
		4275516019722BB8004465D7 /* NSMutableArray+SWUtilityButtons.m in Sources */ = {isa = PBXBuildFile; fileRef = 4275515519722BB8004465D7 /* NSMutableArray+SWUtilityButtons.m */; };
		4275516119722BB8004465D7 /* SWCellScrollView.m in Sources */ = {isa = PBXBuildFile; fileRef = 4275515719722BB8004465D7 /* SWCellScrollView.m */; };
		4275516219722BB8004465D7 /* SWLongPressGestureRecognizer.m in Sources */ = {isa = PBXBuildFile; fileRef = 4275515919722BB8004465D7 /* SWLongPressGestureRecognizer.m */; };
		4275516319722BB8004465D7 /* SWTableViewCell.m in Sources */ = {isa = PBXBuildFile; fileRef = 4275515B19722BB8004465D7 /* SWTableViewCell.m */; };
		4275516419722BB8004465D7 /* SWUtilityButtonTapGestureRecognizer.m in Sources */ = {isa = PBXBuildFile; fileRef = 4275515D19722BB8004465D7 /* SWUtilityButtonTapGestureRecognizer.m */; };
		4275516519722BB8004465D7 /* SWUtilityButtonView.m in Sources */ = {isa = PBXBuildFile; fileRef = 4275515F19722BB8004465D7 /* SWUtilityButtonView.m */; };
		4275516819722EC9004465D7 /* ribbon.png in Resources */ = {isa = PBXBuildFile; fileRef = 4275516619722EC9004465D7 /* ribbon.png */; };
		4275516919722EC9004465D7 /* ribbon@2x.png in Resources */ = {isa = PBXBuildFile; fileRef = 4275516719722EC9004465D7 /* ribbon@2x.png */; };
		4275516C197236AC004465D7 /* ChallengesViewController.m in Sources */ = {isa = PBXBuildFile; fileRef = 4275516B197236AC004465D7 /* ChallengesViewController.m */; };
		4288E8831983F06400DE5E9E /* ChallengeCellView.m in Sources */ = {isa = PBXBuildFile; fileRef = 4288E8821983F06400DE5E9E /* ChallengeCellView.m */; };
		429F5B651964C48D0009DCBF /* Foundation.framework in Frameworks */ = {isa = PBXBuildFile; fileRef = 429F5B641964C48D0009DCBF /* Foundation.framework */; };
		429F5B671964C48D0009DCBF /* CoreGraphics.framework in Frameworks */ = {isa = PBXBuildFile; fileRef = 429F5B661964C48D0009DCBF /* CoreGraphics.framework */; };
		429F5B691964C48D0009DCBF /* UIKit.framework in Frameworks */ = {isa = PBXBuildFile; fileRef = 429F5B681964C48D0009DCBF /* UIKit.framework */; };
		429F5B6F1964C48D0009DCBF /* InfoPlist.strings in Resources */ = {isa = PBXBuildFile; fileRef = 429F5B6D1964C48D0009DCBF /* InfoPlist.strings */; };
		429F5B711964C48D0009DCBF /* main.m in Sources */ = {isa = PBXBuildFile; fileRef = 429F5B701964C48D0009DCBF /* main.m */; };
		429F5B751964C48D0009DCBF /* AppDelegate.m in Sources */ = {isa = PBXBuildFile; fileRef = 429F5B741964C48D0009DCBF /* AppDelegate.m */; };
		429F5B7E1964C48D0009DCBF /* RootViewController.m in Sources */ = {isa = PBXBuildFile; fileRef = 429F5B7D1964C48D0009DCBF /* RootViewController.m */; };
		429F5B801964C48D0009DCBF /* Images.xcassets in Resources */ = {isa = PBXBuildFile; fileRef = 429F5B7F1964C48D0009DCBF /* Images.xcassets */; };
		42A4A155197183E5001D4B6C /* list@2x.png in Resources */ = {isa = PBXBuildFile; fileRef = 42A4A153197183E5001D4B6C /* list@2x.png */; };
		42A4A156197183E5001D4B6C /* list.png in Resources */ = {isa = PBXBuildFile; fileRef = 42A4A154197183E5001D4B6C /* list.png */; };
		42B59FB8196830F50051439F /* cha-ching.wav in Resources */ = {isa = PBXBuildFile; fileRef = 42B59FB4196830F50051439F /* cha-ching.wav */; };
		42B59FB9196830F50051439F /* beep-horn.aif in Resources */ = {isa = PBXBuildFile; fileRef = 42B59FB5196830F50051439F /* beep-horn.aif */; };
		42B59FBA196830F50051439F /* sndLetterButton.aif in Resources */ = {isa = PBXBuildFile; fileRef = 42B59FB6196830F50051439F /* sndLetterButton.aif */; };
		42B59FBB196830F50051439F /* sndUndo.aif in Resources */ = {isa = PBXBuildFile; fileRef = 42B59FB7196830F50051439F /* sndUndo.aif */; };
		42B59FBE1968311B0051439F /* subtle_stripes@2X.png in Resources */ = {isa = PBXBuildFile; fileRef = 42B59FBC1968311B0051439F /* subtle_stripes@2X.png */; };
		42B59FBF1968311B0051439F /* subtle_stripes.png in Resources */ = {isa = PBXBuildFile; fileRef = 42B59FBD1968311B0051439F /* subtle_stripes.png */; };
		42B59FC519683D480051439F /* UIColor+FlatUI.m in Sources */ = {isa = PBXBuildFile; fileRef = 42B59FC419683D480051439F /* UIColor+FlatUI.m */; };
		42B59FFC19684BD70051439F /* FontAwesome.otf in Resources */ = {isa = PBXBuildFile; fileRef = 42B59FFB19684BD70051439F /* FontAwesome.otf */; };
		42B59FFE19684E3D0051439F /* Storyboard_iPhone.storyboard in Resources */ = {isa = PBXBuildFile; fileRef = 42B59FFD19684E3D0051439F /* Storyboard_iPhone.storyboard */; };
		42B5A0011968BC1F0051439F /* ImgSearchViewController.m in Sources */ = {isa = PBXBuildFile; fileRef = 42B5A0001968BC1F0051439F /* ImgSearchViewController.m */; };
		42B5A0041968C4450051439F /* FlickrPhotoCell.m in Sources */ = {isa = PBXBuildFile; fileRef = 42B5A0031968C4450051439F /* FlickrPhotoCell.m */; };
		42CB202D196E280B00DA552F /* MakeQuestionViewController.m in Sources */ = {isa = PBXBuildFile; fileRef = 42CB202C196E280B00DA552F /* MakeQuestionViewController.m */; };
		42CB2057196EB14200DA552F /* NSString+Trim.m in Sources */ = {isa = PBXBuildFile; fileRef = 42CB2034196EB14200DA552F /* NSString+Trim.m */; };
		42CB2058196EB14200DA552F /* UIFont+Alert.m in Sources */ = {isa = PBXBuildFile; fileRef = 42CB2036196EB14200DA552F /* UIFont+Alert.m */; };
		42CB2059196EB14200DA552F /* UIView+Alert.m in Sources */ = {isa = PBXBuildFile; fileRef = 42CB2038196EB14200DA552F /* UIView+Alert.m */; };
		42CB205A196EB14200DA552F /* MBAlertView.m in Sources */ = {isa = PBXBuildFile; fileRef = 42CB203B196EB14200DA552F /* MBAlertView.m */; };
		42CB205B196EB14200DA552F /* MBAlertViewButton.m in Sources */ = {isa = PBXBuildFile; fileRef = 42CB203D196EB14200DA552F /* MBAlertViewButton.m */; };
		42CB205C196EB14200DA552F /* MBAlertViewItem.m in Sources */ = {isa = PBXBuildFile; fileRef = 42CB203F196EB14200DA552F /* MBAlertViewItem.m */; };
		42CB205D196EB14200DA552F /* AutoLayoutHelpers.m in Sources */ = {isa = PBXBuildFile; fileRef = 42CB2043196EB14200DA552F /* AutoLayoutHelpers.m */; };
		42CB205E196EB14200DA552F /* UIView+Autolayout.m in Sources */ = {isa = PBXBuildFile; fileRef = 42CB2045196EB14200DA552F /* UIView+Autolayout.m */; };
		42CB205F196EB14200DA552F /* MBFlatAlertAbstract.m in Sources */ = {isa = PBXBuildFile; fileRef = 42CB2047196EB14200DA552F /* MBFlatAlertAbstract.m */; };
		42CB2060196EB14200DA552F /* MBFlatAlertButton.m in Sources */ = {isa = PBXBuildFile; fileRef = 42CB2049196EB14200DA552F /* MBFlatAlertButton.m */; };
		42CB2061196EB14200DA552F /* MBFlatAlertView.m in Sources */ = {isa = PBXBuildFile; fileRef = 42CB204B196EB14200DA552F /* MBFlatAlertView.m */; };
		42CB2062196EB14200DA552F /* MBCheckMarkView.m in Sources */ = {isa = PBXBuildFile; fileRef = 42CB204E196EB14200DA552F /* MBCheckMarkView.m */; };
		42CB2063196EB14200DA552F /* MBHUDView.m in Sources */ = {isa = PBXBuildFile; fileRef = 42CB2050196EB14200DA552F /* MBHUDView.m */; };
		42CB2064196EB14200DA552F /* MBSpinningCircle.m in Sources */ = {isa = PBXBuildFile; fileRef = 42CB2052196EB14200DA552F /* MBSpinningCircle.m */; };
		42CB2065196EB14200DA552F /* MBAlertAbstract.m in Sources */ = {isa = PBXBuildFile; fileRef = 42CB2054196EB14200DA552F /* MBAlertAbstract.m */; };
/* End PBXBuildFile section */

/* Begin PBXFileReference section */
		4204A2C3196FFB22000D94CB /* SolveChallengeViewController.h */ = {isa = PBXFileReference; fileEncoding = 4; lastKnownFileType = sourcecode.c.h; path = SolveChallengeViewController.h; sourceTree = "<group>"; };
		4204A2C4196FFB22000D94CB /* SolveChallengeViewController.m */ = {isa = PBXFileReference; fileEncoding = 4; lastKnownFileType = sourcecode.c.objc; path = SolveChallengeViewController.m; sourceTree = "<group>"; };
		4204A2C6196FFD24000D94CB /* Question.h */ = {isa = PBXFileReference; fileEncoding = 4; lastKnownFileType = sourcecode.c.h; path = Question.h; sourceTree = "<group>"; };
		4204A2C7196FFD24000D94CB /* Question.m */ = {isa = PBXFileReference; fileEncoding = 4; lastKnownFileType = sourcecode.c.objc; path = Question.m; sourceTree = "<group>"; };
		4204A2C9196FFD75000D94CB /* GameScore.h */ = {isa = PBXFileReference; fileEncoding = 4; lastKnownFileType = sourcecode.c.h; path = GameScore.h; sourceTree = "<group>"; };
		4204A2CA196FFD75000D94CB /* GameScore.m */ = {isa = PBXFileReference; fileEncoding = 4; lastKnownFileType = sourcecode.c.objc; path = GameScore.m; sourceTree = "<group>"; };
		4204A2CD19700320000D94CB /* AAShareBubbles.bundle */ = {isa = PBXFileReference; lastKnownFileType = "wrapper.plug-in"; path = AAShareBubbles.bundle; sourceTree = "<group>"; };
		4204A2CE19700320000D94CB /* AAShareBubbles.h */ = {isa = PBXFileReference; fileEncoding = 4; lastKnownFileType = sourcecode.c.h; path = AAShareBubbles.h; sourceTree = "<group>"; };
		4204A2CF19700320000D94CB /* AAShareBubbles.m */ = {isa = PBXFileReference; fileEncoding = 4; lastKnownFileType = sourcecode.c.objc; path = AAShareBubbles.m; sourceTree = "<group>"; };
		4204A2D219700528000D94CB /* share52.png */ = {isa = PBXFileReference; lastKnownFileType = image.png; path = share52.png; sourceTree = "<group>"; };
		4204A2D319700528000D94CB /* share52@2x.png */ = {isa = PBXFileReference; lastKnownFileType = image.png; path = "share52@2x.png"; sourceTree = "<group>"; };
		4242FECD19695DF100245ABC /* MKAnnotationView+WebCache.h */ = {isa = PBXFileReference; fileEncoding = 4; lastKnownFileType = sourcecode.c.h; path = "MKAnnotationView+WebCache.h"; sourceTree = "<group>"; };
		4242FECE19695DF100245ABC /* MKAnnotationView+WebCache.m */ = {isa = PBXFileReference; fileEncoding = 4; lastKnownFileType = sourcecode.c.objc; path = "MKAnnotationView+WebCache.m"; sourceTree = "<group>"; };
		4242FECF19695DF100245ABC /* NSData+ImageContentType.h */ = {isa = PBXFileReference; fileEncoding = 4; lastKnownFileType = sourcecode.c.h; path = "NSData+ImageContentType.h"; sourceTree = "<group>"; };
		4242FED019695DF100245ABC /* NSData+ImageContentType.m */ = {isa = PBXFileReference; fileEncoding = 4; lastKnownFileType = sourcecode.c.objc; path = "NSData+ImageContentType.m"; sourceTree = "<group>"; };
		4242FED119695DF100245ABC /* SDImageCache.h */ = {isa = PBXFileReference; fileEncoding = 4; lastKnownFileType = sourcecode.c.h; path = SDImageCache.h; sourceTree = "<group>"; };
		4242FED219695DF100245ABC /* SDImageCache.m */ = {isa = PBXFileReference; fileEncoding = 4; lastKnownFileType = sourcecode.c.objc; path = SDImageCache.m; sourceTree = "<group>"; };
		4242FED319695DF100245ABC /* SDWebImageCompat.h */ = {isa = PBXFileReference; fileEncoding = 4; lastKnownFileType = sourcecode.c.h; path = SDWebImageCompat.h; sourceTree = "<group>"; };
		4242FED419695DF100245ABC /* SDWebImageCompat.m */ = {isa = PBXFileReference; fileEncoding = 4; lastKnownFileType = sourcecode.c.objc; path = SDWebImageCompat.m; sourceTree = "<group>"; };
		4242FED519695DF100245ABC /* SDWebImageDecoder.h */ = {isa = PBXFileReference; fileEncoding = 4; lastKnownFileType = sourcecode.c.h; path = SDWebImageDecoder.h; sourceTree = "<group>"; };
		4242FED619695DF100245ABC /* SDWebImageDecoder.m */ = {isa = PBXFileReference; fileEncoding = 4; lastKnownFileType = sourcecode.c.objc; path = SDWebImageDecoder.m; sourceTree = "<group>"; };
		4242FED719695DF100245ABC /* SDWebImageDownloader.h */ = {isa = PBXFileReference; fileEncoding = 4; lastKnownFileType = sourcecode.c.h; path = SDWebImageDownloader.h; sourceTree = "<group>"; };
		4242FED819695DF100245ABC /* SDWebImageDownloader.m */ = {isa = PBXFileReference; fileEncoding = 4; lastKnownFileType = sourcecode.c.objc; path = SDWebImageDownloader.m; sourceTree = "<group>"; };
		4242FED919695DF100245ABC /* SDWebImageDownloaderOperation.h */ = {isa = PBXFileReference; fileEncoding = 4; lastKnownFileType = sourcecode.c.h; path = SDWebImageDownloaderOperation.h; sourceTree = "<group>"; };
		4242FEDA19695DF100245ABC /* SDWebImageDownloaderOperation.m */ = {isa = PBXFileReference; fileEncoding = 4; lastKnownFileType = sourcecode.c.objc; path = SDWebImageDownloaderOperation.m; sourceTree = "<group>"; };
		4242FEDB19695DF100245ABC /* SDWebImageManager.h */ = {isa = PBXFileReference; fileEncoding = 4; lastKnownFileType = sourcecode.c.h; path = SDWebImageManager.h; sourceTree = "<group>"; };
		4242FEDC19695DF100245ABC /* SDWebImageManager.m */ = {isa = PBXFileReference; fileEncoding = 4; lastKnownFileType = sourcecode.c.objc; path = SDWebImageManager.m; sourceTree = "<group>"; };
		4242FEDD19695DF100245ABC /* SDWebImageOperation.h */ = {isa = PBXFileReference; fileEncoding = 4; lastKnownFileType = sourcecode.c.h; path = SDWebImageOperation.h; sourceTree = "<group>"; };
		4242FEDE19695DF100245ABC /* SDWebImagePrefetcher.h */ = {isa = PBXFileReference; fileEncoding = 4; lastKnownFileType = sourcecode.c.h; path = SDWebImagePrefetcher.h; sourceTree = "<group>"; };
		4242FEDF19695DF100245ABC /* SDWebImagePrefetcher.m */ = {isa = PBXFileReference; fileEncoding = 4; lastKnownFileType = sourcecode.c.objc; path = SDWebImagePrefetcher.m; sourceTree = "<group>"; };
		4242FEE019695DF100245ABC /* UIButton+WebCache.h */ = {isa = PBXFileReference; fileEncoding = 4; lastKnownFileType = sourcecode.c.h; path = "UIButton+WebCache.h"; sourceTree = "<group>"; };
		4242FEE119695DF100245ABC /* UIButton+WebCache.m */ = {isa = PBXFileReference; fileEncoding = 4; lastKnownFileType = sourcecode.c.objc; path = "UIButton+WebCache.m"; sourceTree = "<group>"; };
		4242FEE219695DF100245ABC /* UIImage+GIF.h */ = {isa = PBXFileReference; fileEncoding = 4; lastKnownFileType = sourcecode.c.h; path = "UIImage+GIF.h"; sourceTree = "<group>"; };
		4242FEE319695DF100245ABC /* UIImage+GIF.m */ = {isa = PBXFileReference; fileEncoding = 4; lastKnownFileType = sourcecode.c.objc; path = "UIImage+GIF.m"; sourceTree = "<group>"; };
		4242FEE419695DF100245ABC /* UIImage+MultiFormat.h */ = {isa = PBXFileReference; fileEncoding = 4; lastKnownFileType = sourcecode.c.h; path = "UIImage+MultiFormat.h"; sourceTree = "<group>"; };
		4242FEE519695DF100245ABC /* UIImage+MultiFormat.m */ = {isa = PBXFileReference; fileEncoding = 4; lastKnownFileType = sourcecode.c.objc; path = "UIImage+MultiFormat.m"; sourceTree = "<group>"; };
		4242FEE619695DF100245ABC /* UIImage+WebP.h */ = {isa = PBXFileReference; fileEncoding = 4; lastKnownFileType = sourcecode.c.h; path = "UIImage+WebP.h"; sourceTree = "<group>"; };
		4242FEE719695DF100245ABC /* UIImage+WebP.m */ = {isa = PBXFileReference; fileEncoding = 4; lastKnownFileType = sourcecode.c.objc; path = "UIImage+WebP.m"; sourceTree = "<group>"; };
		4242FEE819695DF100245ABC /* UIImageView+HighlightedWebCache.h */ = {isa = PBXFileReference; fileEncoding = 4; lastKnownFileType = sourcecode.c.h; path = "UIImageView+HighlightedWebCache.h"; sourceTree = "<group>"; };
		4242FEE919695DF100245ABC /* UIImageView+HighlightedWebCache.m */ = {isa = PBXFileReference; fileEncoding = 4; lastKnownFileType = sourcecode.c.objc; path = "UIImageView+HighlightedWebCache.m"; sourceTree = "<group>"; };
		4242FEEA19695DF100245ABC /* UIImageView+WebCache.h */ = {isa = PBXFileReference; fileEncoding = 4; lastKnownFileType = sourcecode.c.h; path = "UIImageView+WebCache.h"; sourceTree = "<group>"; };
		4242FEEB19695DF100245ABC /* UIImageView+WebCache.m */ = {isa = PBXFileReference; fileEncoding = 4; lastKnownFileType = sourcecode.c.objc; path = "UIImageView+WebCache.m"; sourceTree = "<group>"; };
		4242FEEC19695DF100245ABC /* UIView+WebCacheOperation.h */ = {isa = PBXFileReference; fileEncoding = 4; lastKnownFileType = sourcecode.c.h; path = "UIView+WebCacheOperation.h"; sourceTree = "<group>"; };
		4242FEED19695DF100245ABC /* UIView+WebCacheOperation.m */ = {isa = PBXFileReference; fileEncoding = 4; lastKnownFileType = sourcecode.c.objc; path = "UIView+WebCacheOperation.m"; sourceTree = "<group>"; };
		4255021E1972BBD200AFC474 /* GalleryCellView.h */ = {isa = PBXFileReference; fileEncoding = 4; lastKnownFileType = sourcecode.c.h; path = GalleryCellView.h; sourceTree = "<group>"; };
		4255021F1972BBD200AFC474 /* GalleryCellView.m */ = {isa = PBXFileReference; fileEncoding = 4; lastKnownFileType = sourcecode.c.objc; path = GalleryCellView.m; sourceTree = "<group>"; };
		4259B16C19714F4C006BF9CA /* coin84.png */ = {isa = PBXFileReference; lastKnownFileType = image.png; path = coin84.png; sourceTree = "<group>"; };
		4259B16D19714F4C006BF9CA /* coin84@2x.png */ = {isa = PBXFileReference; lastKnownFileType = image.png; path = "coin84@2x.png"; sourceTree = "<group>"; };
		4259B16E19714F4C006BF9CA /* coin44.png */ = {isa = PBXFileReference; lastKnownFileType = image.png; path = coin44.png; sourceTree = "<group>"; };
		4259B16F19714F4C006BF9CA /* coin44@2x.png */ = {isa = PBXFileReference; lastKnownFileType = image.png; path = "coin44@2x.png"; sourceTree = "<group>"; };
		4259B17419716817006BF9CA /* loading.png */ = {isa = PBXFileReference; lastKnownFileType = image.png; path = loading.png; sourceTree = "<group>"; };
		4275515019722892004465D7 /* GalleryViewController.h */ = {isa = PBXFileReference; fileEncoding = 4; lastKnownFileType = sourcecode.c.h; path = GalleryViewController.h; sourceTree = "<group>"; };
		4275515119722892004465D7 /* GalleryViewController.m */ = {isa = PBXFileReference; fileEncoding = 4; lastKnownFileType = sourcecode.c.objc; path = GalleryViewController.m; sourceTree = "<group>"; };
		4275515419722BB8004465D7 /* NSMutableArray+SWUtilityButtons.h */ = {isa = PBXFileReference; fileEncoding = 4; lastKnownFileType = sourcecode.c.h; path = "NSMutableArray+SWUtilityButtons.h"; sourceTree = "<group>"; };
		4275515519722BB8004465D7 /* NSMutableArray+SWUtilityButtons.m */ = {isa = PBXFileReference; fileEncoding = 4; lastKnownFileType = sourcecode.c.objc; path = "NSMutableArray+SWUtilityButtons.m"; sourceTree = "<group>"; };
		4275515619722BB8004465D7 /* SWCellScrollView.h */ = {isa = PBXFileReference; fileEncoding = 4; lastKnownFileType = sourcecode.c.h; path = SWCellScrollView.h; sourceTree = "<group>"; };
		4275515719722BB8004465D7 /* SWCellScrollView.m */ = {isa = PBXFileReference; fileEncoding = 4; lastKnownFileType = sourcecode.c.objc; path = SWCellScrollView.m; sourceTree = "<group>"; };
		4275515819722BB8004465D7 /* SWLongPressGestureRecognizer.h */ = {isa = PBXFileReference; fileEncoding = 4; lastKnownFileType = sourcecode.c.h; path = SWLongPressGestureRecognizer.h; sourceTree = "<group>"; };
		4275515919722BB8004465D7 /* SWLongPressGestureRecognizer.m */ = {isa = PBXFileReference; fileEncoding = 4; lastKnownFileType = sourcecode.c.objc; path = SWLongPressGestureRecognizer.m; sourceTree = "<group>"; };
		4275515A19722BB8004465D7 /* SWTableViewCell.h */ = {isa = PBXFileReference; fileEncoding = 4; lastKnownFileType = sourcecode.c.h; path = SWTableViewCell.h; sourceTree = "<group>"; };
		4275515B19722BB8004465D7 /* SWTableViewCell.m */ = {isa = PBXFileReference; fileEncoding = 4; lastKnownFileType = sourcecode.c.objc; path = SWTableViewCell.m; sourceTree = "<group>"; };
		4275515C19722BB8004465D7 /* SWUtilityButtonTapGestureRecognizer.h */ = {isa = PBXFileReference; fileEncoding = 4; lastKnownFileType = sourcecode.c.h; path = SWUtilityButtonTapGestureRecognizer.h; sourceTree = "<group>"; };
		4275515D19722BB8004465D7 /* SWUtilityButtonTapGestureRecognizer.m */ = {isa = PBXFileReference; fileEncoding = 4; lastKnownFileType = sourcecode.c.objc; path = SWUtilityButtonTapGestureRecognizer.m; sourceTree = "<group>"; };
		4275515E19722BB8004465D7 /* SWUtilityButtonView.h */ = {isa = PBXFileReference; fileEncoding = 4; lastKnownFileType = sourcecode.c.h; path = SWUtilityButtonView.h; sourceTree = "<group>"; };
		4275515F19722BB8004465D7 /* SWUtilityButtonView.m */ = {isa = PBXFileReference; fileEncoding = 4; lastKnownFileType = sourcecode.c.objc; path = SWUtilityButtonView.m; sourceTree = "<group>"; };
		4275516619722EC9004465D7 /* ribbon.png */ = {isa = PBXFileReference; lastKnownFileType = image.png; path = ribbon.png; sourceTree = "<group>"; };
		4275516719722EC9004465D7 /* ribbon@2x.png */ = {isa = PBXFileReference; lastKnownFileType = image.png; path = "ribbon@2x.png"; sourceTree = "<group>"; };
		4275516A197236AC004465D7 /* ChallengesViewController.h */ = {isa = PBXFileReference; fileEncoding = 4; lastKnownFileType = sourcecode.c.h; path = ChallengesViewController.h; sourceTree = "<group>"; };
		4275516B197236AC004465D7 /* ChallengesViewController.m */ = {isa = PBXFileReference; fileEncoding = 4; lastKnownFileType = sourcecode.c.objc; path = ChallengesViewController.m; sourceTree = "<group>"; };
		4288E8811983F06400DE5E9E /* ChallengeCellView.h */ = {isa = PBXFileReference; fileEncoding = 4; lastKnownFileType = sourcecode.c.h; path = ChallengeCellView.h; sourceTree = "<group>"; };
		4288E8821983F06400DE5E9E /* ChallengeCellView.m */ = {isa = PBXFileReference; fileEncoding = 4; lastKnownFileType = sourcecode.c.objc; path = ChallengeCellView.m; sourceTree = "<group>"; };
		429F5B611964C48D0009DCBF /* imagematch.app */ = {isa = PBXFileReference; explicitFileType = wrapper.application; includeInIndex = 0; path = imagematch.app; sourceTree = BUILT_PRODUCTS_DIR; };
		429F5B641964C48D0009DCBF /* Foundation.framework */ = {isa = PBXFileReference; lastKnownFileType = wrapper.framework; name = Foundation.framework; path = System/Library/Frameworks/Foundation.framework; sourceTree = SDKROOT; };
		429F5B661964C48D0009DCBF /* CoreGraphics.framework */ = {isa = PBXFileReference; lastKnownFileType = wrapper.framework; name = CoreGraphics.framework; path = System/Library/Frameworks/CoreGraphics.framework; sourceTree = SDKROOT; };
		429F5B681964C48D0009DCBF /* UIKit.framework */ = {isa = PBXFileReference; lastKnownFileType = wrapper.framework; name = UIKit.framework; path = System/Library/Frameworks/UIKit.framework; sourceTree = SDKROOT; };
		429F5B6C1964C48D0009DCBF /* imagematch-Info.plist */ = {isa = PBXFileReference; lastKnownFileType = text.plist.xml; path = "imagematch-Info.plist"; sourceTree = "<group>"; };
		429F5B6E1964C48D0009DCBF /* en */ = {isa = PBXFileReference; lastKnownFileType = text.plist.strings; name = en; path = en.lproj/InfoPlist.strings; sourceTree = "<group>"; };
		429F5B701964C48D0009DCBF /* main.m */ = {isa = PBXFileReference; lastKnownFileType = sourcecode.c.objc; path = main.m; sourceTree = "<group>"; };
		429F5B721964C48D0009DCBF /* imagematch-Prefix.pch */ = {isa = PBXFileReference; lastKnownFileType = sourcecode.c.h; path = "imagematch-Prefix.pch"; sourceTree = "<group>"; };
		429F5B731964C48D0009DCBF /* AppDelegate.h */ = {isa = PBXFileReference; lastKnownFileType = sourcecode.c.h; path = AppDelegate.h; sourceTree = "<group>"; };
		429F5B741964C48D0009DCBF /* AppDelegate.m */ = {isa = PBXFileReference; lastKnownFileType = sourcecode.c.objc; path = AppDelegate.m; sourceTree = "<group>"; };
		429F5B7C1964C48D0009DCBF /* RootViewController.h */ = {isa = PBXFileReference; lastKnownFileType = sourcecode.c.h; path = RootViewController.h; sourceTree = "<group>"; };
		429F5B7D1964C48D0009DCBF /* RootViewController.m */ = {isa = PBXFileReference; lastKnownFileType = sourcecode.c.objc; path = RootViewController.m; sourceTree = "<group>"; };
		429F5B7F1964C48D0009DCBF /* Images.xcassets */ = {isa = PBXFileReference; lastKnownFileType = folder.assetcatalog; path = Images.xcassets; sourceTree = "<group>"; };
		429F5B861964C48E0009DCBF /* XCTest.framework */ = {isa = PBXFileReference; lastKnownFileType = wrapper.framework; name = XCTest.framework; path = Library/Frameworks/XCTest.framework; sourceTree = DEVELOPER_DIR; };
		42A4A153197183E5001D4B6C /* list@2x.png */ = {isa = PBXFileReference; lastKnownFileType = image.png; path = "list@2x.png"; sourceTree = "<group>"; };
		42A4A154197183E5001D4B6C /* list.png */ = {isa = PBXFileReference; lastKnownFileType = image.png; path = list.png; sourceTree = "<group>"; };
		42B59FB4196830F50051439F /* cha-ching.wav */ = {isa = PBXFileReference; lastKnownFileType = audio.wav; path = "cha-ching.wav"; sourceTree = "<group>"; };
		42B59FB5196830F50051439F /* beep-horn.aif */ = {isa = PBXFileReference; lastKnownFileType = file; path = "beep-horn.aif"; sourceTree = "<group>"; };
		42B59FB6196830F50051439F /* sndLetterButton.aif */ = {isa = PBXFileReference; lastKnownFileType = file; path = sndLetterButton.aif; sourceTree = "<group>"; };
		42B59FB7196830F50051439F /* sndUndo.aif */ = {isa = PBXFileReference; lastKnownFileType = file; path = sndUndo.aif; sourceTree = "<group>"; };
		42B59FBC1968311B0051439F /* subtle_stripes@2X.png */ = {isa = PBXFileReference; lastKnownFileType = image.png; path = "subtle_stripes@2X.png"; sourceTree = "<group>"; };
		42B59FBD1968311B0051439F /* subtle_stripes.png */ = {isa = PBXFileReference; lastKnownFileType = image.png; path = subtle_stripes.png; sourceTree = "<group>"; };
		42B59FC319683D480051439F /* UIColor+FlatUI.h */ = {isa = PBXFileReference; fileEncoding = 4; lastKnownFileType = sourcecode.c.h; path = "UIColor+FlatUI.h"; sourceTree = "<group>"; };
		42B59FC419683D480051439F /* UIColor+FlatUI.m */ = {isa = PBXFileReference; fileEncoding = 4; lastKnownFileType = sourcecode.c.objc; path = "UIColor+FlatUI.m"; sourceTree = "<group>"; };
		42B59FFB19684BD70051439F /* FontAwesome.otf */ = {isa = PBXFileReference; lastKnownFileType = file; path = FontAwesome.otf; sourceTree = "<group>"; };
		42B59FFD19684E3D0051439F /* Storyboard_iPhone.storyboard */ = {isa = PBXFileReference; fileEncoding = 4; lastKnownFileType = file.storyboard; name = Storyboard_iPhone.storyboard; path = ../Storyboard_iPhone.storyboard; sourceTree = "<group>"; };
		42B59FFF1968BC1F0051439F /* ImgSearchViewController.h */ = {isa = PBXFileReference; fileEncoding = 4; lastKnownFileType = sourcecode.c.h; path = ImgSearchViewController.h; sourceTree = "<group>"; };
		42B5A0001968BC1F0051439F /* ImgSearchViewController.m */ = {isa = PBXFileReference; fileEncoding = 4; lastKnownFileType = sourcecode.c.objc; path = ImgSearchViewController.m; sourceTree = "<group>"; };
		42B5A0021968C4450051439F /* FlickrPhotoCell.h */ = {isa = PBXFileReference; fileEncoding = 4; lastKnownFileType = sourcecode.c.h; path = FlickrPhotoCell.h; sourceTree = "<group>"; };
		42B5A0031968C4450051439F /* FlickrPhotoCell.m */ = {isa = PBXFileReference; fileEncoding = 4; lastKnownFileType = sourcecode.c.objc; path = FlickrPhotoCell.m; sourceTree = "<group>"; };
		42CB202B196E280B00DA552F /* MakeQuestionViewController.h */ = {isa = PBXFileReference; fileEncoding = 4; lastKnownFileType = sourcecode.c.h; path = MakeQuestionViewController.h; sourceTree = "<group>"; };
		42CB202C196E280B00DA552F /* MakeQuestionViewController.m */ = {isa = PBXFileReference; fileEncoding = 4; lastKnownFileType = sourcecode.c.objc; path = MakeQuestionViewController.m; sourceTree = "<group>"; };
		42CB2033196EB14200DA552F /* NSString+Trim.h */ = {isa = PBXFileReference; fileEncoding = 4; lastKnownFileType = sourcecode.c.h; path = "NSString+Trim.h"; sourceTree = "<group>"; };
		42CB2034196EB14200DA552F /* NSString+Trim.m */ = {isa = PBXFileReference; fileEncoding = 4; lastKnownFileType = sourcecode.c.objc; path = "NSString+Trim.m"; sourceTree = "<group>"; };
		42CB2035196EB14200DA552F /* UIFont+Alert.h */ = {isa = PBXFileReference; fileEncoding = 4; lastKnownFileType = sourcecode.c.h; path = "UIFont+Alert.h"; sourceTree = "<group>"; };
		42CB2036196EB14200DA552F /* UIFont+Alert.m */ = {isa = PBXFileReference; fileEncoding = 4; lastKnownFileType = sourcecode.c.objc; path = "UIFont+Alert.m"; sourceTree = "<group>"; };
		42CB2037196EB14200DA552F /* UIView+Alert.h */ = {isa = PBXFileReference; fileEncoding = 4; lastKnownFileType = sourcecode.c.h; path = "UIView+Alert.h"; sourceTree = "<group>"; };
		42CB2038196EB14200DA552F /* UIView+Alert.m */ = {isa = PBXFileReference; fileEncoding = 4; lastKnownFileType = sourcecode.c.objc; path = "UIView+Alert.m"; sourceTree = "<group>"; };
		42CB203A196EB14200DA552F /* MBAlertView.h */ = {isa = PBXFileReference; fileEncoding = 4; lastKnownFileType = sourcecode.c.h; path = MBAlertView.h; sourceTree = "<group>"; };
		42CB203B196EB14200DA552F /* MBAlertView.m */ = {isa = PBXFileReference; fileEncoding = 4; lastKnownFileType = sourcecode.c.objc; path = MBAlertView.m; sourceTree = "<group>"; };
		42CB203C196EB14200DA552F /* MBAlertViewButton.h */ = {isa = PBXFileReference; fileEncoding = 4; lastKnownFileType = sourcecode.c.h; path = MBAlertViewButton.h; sourceTree = "<group>"; };
		42CB203D196EB14200DA552F /* MBAlertViewButton.m */ = {isa = PBXFileReference; fileEncoding = 4; lastKnownFileType = sourcecode.c.objc; path = MBAlertViewButton.m; sourceTree = "<group>"; };
		42CB203E196EB14200DA552F /* MBAlertViewItem.h */ = {isa = PBXFileReference; fileEncoding = 4; lastKnownFileType = sourcecode.c.h; path = MBAlertViewItem.h; sourceTree = "<group>"; };
		42CB203F196EB14200DA552F /* MBAlertViewItem.m */ = {isa = PBXFileReference; fileEncoding = 4; lastKnownFileType = sourcecode.c.objc; path = MBAlertViewItem.m; sourceTree = "<group>"; };
		42CB2042196EB14200DA552F /* AutoLayoutHelpers.h */ = {isa = PBXFileReference; fileEncoding = 4; lastKnownFileType = sourcecode.c.h; path = AutoLayoutHelpers.h; sourceTree = "<group>"; };
		42CB2043196EB14200DA552F /* AutoLayoutHelpers.m */ = {isa = PBXFileReference; fileEncoding = 4; lastKnownFileType = sourcecode.c.objc; path = AutoLayoutHelpers.m; sourceTree = "<group>"; };
		42CB2044196EB14200DA552F /* UIView+Autolayout.h */ = {isa = PBXFileReference; fileEncoding = 4; lastKnownFileType = sourcecode.c.h; path = "UIView+Autolayout.h"; sourceTree = "<group>"; };
		42CB2045196EB14200DA552F /* UIView+Autolayout.m */ = {isa = PBXFileReference; fileEncoding = 4; lastKnownFileType = sourcecode.c.objc; path = "UIView+Autolayout.m"; sourceTree = "<group>"; };
		42CB2046196EB14200DA552F /* MBFlatAlertAbstract.h */ = {isa = PBXFileReference; fileEncoding = 4; lastKnownFileType = sourcecode.c.h; path = MBFlatAlertAbstract.h; sourceTree = "<group>"; };
		42CB2047196EB14200DA552F /* MBFlatAlertAbstract.m */ = {isa = PBXFileReference; fileEncoding = 4; lastKnownFileType = sourcecode.c.objc; path = MBFlatAlertAbstract.m; sourceTree = "<group>"; };
		42CB2048196EB14200DA552F /* MBFlatAlertButton.h */ = {isa = PBXFileReference; fileEncoding = 4; lastKnownFileType = sourcecode.c.h; path = MBFlatAlertButton.h; sourceTree = "<group>"; };
		42CB2049196EB14200DA552F /* MBFlatAlertButton.m */ = {isa = PBXFileReference; fileEncoding = 4; lastKnownFileType = sourcecode.c.objc; path = MBFlatAlertButton.m; sourceTree = "<group>"; };
		42CB204A196EB14200DA552F /* MBFlatAlertView.h */ = {isa = PBXFileReference; fileEncoding = 4; lastKnownFileType = sourcecode.c.h; path = MBFlatAlertView.h; sourceTree = "<group>"; };
		42CB204B196EB14200DA552F /* MBFlatAlertView.m */ = {isa = PBXFileReference; fileEncoding = 4; lastKnownFileType = sourcecode.c.objc; path = MBFlatAlertView.m; sourceTree = "<group>"; };
		42CB204D196EB14200DA552F /* MBCheckMarkView.h */ = {isa = PBXFileReference; fileEncoding = 4; lastKnownFileType = sourcecode.c.h; path = MBCheckMarkView.h; sourceTree = "<group>"; };
		42CB204E196EB14200DA552F /* MBCheckMarkView.m */ = {isa = PBXFileReference; fileEncoding = 4; lastKnownFileType = sourcecode.c.objc; path = MBCheckMarkView.m; sourceTree = "<group>"; };
		42CB204F196EB14200DA552F /* MBHUDView.h */ = {isa = PBXFileReference; fileEncoding = 4; lastKnownFileType = sourcecode.c.h; path = MBHUDView.h; sourceTree = "<group>"; };
		42CB2050196EB14200DA552F /* MBHUDView.m */ = {isa = PBXFileReference; fileEncoding = 4; lastKnownFileType = sourcecode.c.objc; path = MBHUDView.m; sourceTree = "<group>"; };
		42CB2051196EB14200DA552F /* MBSpinningCircle.h */ = {isa = PBXFileReference; fileEncoding = 4; lastKnownFileType = sourcecode.c.h; path = MBSpinningCircle.h; sourceTree = "<group>"; };
		42CB2052196EB14200DA552F /* MBSpinningCircle.m */ = {isa = PBXFileReference; fileEncoding = 4; lastKnownFileType = sourcecode.c.objc; path = MBSpinningCircle.m; sourceTree = "<group>"; };
		42CB2053196EB14200DA552F /* MBAlertAbstract.h */ = {isa = PBXFileReference; fileEncoding = 4; lastKnownFileType = sourcecode.c.h; path = MBAlertAbstract.h; sourceTree = "<group>"; };
		42CB2054196EB14200DA552F /* MBAlertAbstract.m */ = {isa = PBXFileReference; fileEncoding = 4; lastKnownFileType = sourcecode.c.objc; path = MBAlertAbstract.m; sourceTree = "<group>"; };
		42CB2056196EB14200DA552F /* MBAlertViewSubclass.h */ = {isa = PBXFileReference; fileEncoding = 4; lastKnownFileType = sourcecode.c.h; path = MBAlertViewSubclass.h; sourceTree = "<group>"; };
/* End PBXFileReference section */

/* Begin PBXFrameworksBuildPhase section */
		429F5B5E1964C48D0009DCBF /* Frameworks */ = {
			isa = PBXFrameworksBuildPhase;
			buildActionMask = 2147483647;
			files = (
				429F5B671964C48D0009DCBF /* CoreGraphics.framework in Frameworks */,
				429F5B691964C48D0009DCBF /* UIKit.framework in Frameworks */,
				429F5B651964C48D0009DCBF /* Foundation.framework in Frameworks */,
			);
			runOnlyForDeploymentPostprocessing = 0;
		};
/* End PBXFrameworksBuildPhase section */

/* Begin PBXGroup section */
		4204A2CC19700317000D94CB /* AAShareBubbles */ = {
			isa = PBXGroup;
			children = (
				4204A2CD19700320000D94CB /* AAShareBubbles.bundle */,
				4204A2CE19700320000D94CB /* AAShareBubbles.h */,
				4204A2CF19700320000D94CB /* AAShareBubbles.m */,
			);
			name = AAShareBubbles;
			sourceTree = "<group>";
		};
		422284251973F409006DCD7A /* HUDView */ = {
			isa = PBXGroup;
			children = (
			);
			name = HUDView;
			sourceTree = "<group>";
		};
		4242FECC19695DF100245ABC /* SDWebImage */ = {
			isa = PBXGroup;
			children = (
				4242FECD19695DF100245ABC /* MKAnnotationView+WebCache.h */,
				4242FECE19695DF100245ABC /* MKAnnotationView+WebCache.m */,
				4242FECF19695DF100245ABC /* NSData+ImageContentType.h */,
				4242FED019695DF100245ABC /* NSData+ImageContentType.m */,
				4242FED119695DF100245ABC /* SDImageCache.h */,
				4242FED219695DF100245ABC /* SDImageCache.m */,
				4242FED319695DF100245ABC /* SDWebImageCompat.h */,
				4242FED419695DF100245ABC /* SDWebImageCompat.m */,
				4242FED519695DF100245ABC /* SDWebImageDecoder.h */,
				4242FED619695DF100245ABC /* SDWebImageDecoder.m */,
				4242FED719695DF100245ABC /* SDWebImageDownloader.h */,
				4242FED819695DF100245ABC /* SDWebImageDownloader.m */,
				4242FED919695DF100245ABC /* SDWebImageDownloaderOperation.h */,
				4242FEDA19695DF100245ABC /* SDWebImageDownloaderOperation.m */,
				4242FEDB19695DF100245ABC /* SDWebImageManager.h */,
				4242FEDC19695DF100245ABC /* SDWebImageManager.m */,
				4242FEDD19695DF100245ABC /* SDWebImageOperation.h */,
				4242FEDE19695DF100245ABC /* SDWebImagePrefetcher.h */,
				4242FEDF19695DF100245ABC /* SDWebImagePrefetcher.m */,
				4242FEE019695DF100245ABC /* UIButton+WebCache.h */,
				4242FEE119695DF100245ABC /* UIButton+WebCache.m */,
				4242FEE219695DF100245ABC /* UIImage+GIF.h */,
				4242FEE319695DF100245ABC /* UIImage+GIF.m */,
				4242FEE419695DF100245ABC /* UIImage+MultiFormat.h */,
				4242FEE519695DF100245ABC /* UIImage+MultiFormat.m */,
				4242FEE619695DF100245ABC /* UIImage+WebP.h */,
				4242FEE719695DF100245ABC /* UIImage+WebP.m */,
				4242FEE819695DF100245ABC /* UIImageView+HighlightedWebCache.h */,
				4242FEE919695DF100245ABC /* UIImageView+HighlightedWebCache.m */,
				4242FEEA19695DF100245ABC /* UIImageView+WebCache.h */,
				4242FEEB19695DF100245ABC /* UIImageView+WebCache.m */,
				4242FEEC19695DF100245ABC /* UIView+WebCacheOperation.h */,
				4242FEED19695DF100245ABC /* UIView+WebCacheOperation.m */,
			);
			path = SDWebImage;
			sourceTree = "<group>";
		};
		4275515319722AEC004465D7 /* SwipeCell */ = {
			isa = PBXGroup;
			children = (
				4275515419722BB8004465D7 /* NSMutableArray+SWUtilityButtons.h */,
				4275515519722BB8004465D7 /* NSMutableArray+SWUtilityButtons.m */,
				4275515619722BB8004465D7 /* SWCellScrollView.h */,
				4275515719722BB8004465D7 /* SWCellScrollView.m */,
				4275515819722BB8004465D7 /* SWLongPressGestureRecognizer.h */,
				4275515919722BB8004465D7 /* SWLongPressGestureRecognizer.m */,
				4275515A19722BB8004465D7 /* SWTableViewCell.h */,
				4275515B19722BB8004465D7 /* SWTableViewCell.m */,
				4275515C19722BB8004465D7 /* SWUtilityButtonTapGestureRecognizer.h */,
				4275515D19722BB8004465D7 /* SWUtilityButtonTapGestureRecognizer.m */,
				4275515E19722BB8004465D7 /* SWUtilityButtonView.h */,
				4275515F19722BB8004465D7 /* SWUtilityButtonView.m */,
			);
			name = SwipeCell;
			sourceTree = "<group>";
		};
		429F5B581964C48D0009DCBF = {
			isa = PBXGroup;
			children = (
				429F5B6A1964C48D0009DCBF /* imagematch */,
				429F5B631964C48D0009DCBF /* Frameworks */,
				429F5B621964C48D0009DCBF /* Products */,
			);
			sourceTree = "<group>";
		};
		429F5B621964C48D0009DCBF /* Products */ = {
			isa = PBXGroup;
			children = (
				429F5B611964C48D0009DCBF /* imagematch.app */,
			);
			name = Products;
			sourceTree = "<group>";
		};
		429F5B631964C48D0009DCBF /* Frameworks */ = {
			isa = PBXGroup;
			children = (
				429F5B641964C48D0009DCBF /* Foundation.framework */,
				429F5B661964C48D0009DCBF /* CoreGraphics.framework */,
				429F5B681964C48D0009DCBF /* UIKit.framework */,
				429F5B861964C48E0009DCBF /* XCTest.framework */,
			);
			name = Frameworks;
			sourceTree = "<group>";
		};
		429F5B6A1964C48D0009DCBF /* imagematch */ = {
			isa = PBXGroup;
			children = (
				42B59FB3196830E50051439F /* Assets */,
				42B59FB2196830D70051439F /* Vendor */,
				429F5B731964C48D0009DCBF /* AppDelegate.h */,
				429F5B741964C48D0009DCBF /* AppDelegate.m */,
				429F5B7C1964C48D0009DCBF /* RootViewController.h */,
				429F5B7D1964C48D0009DCBF /* RootViewController.m */,
				42B59FFF1968BC1F0051439F /* ImgSearchViewController.h */,
				42B5A0001968BC1F0051439F /* ImgSearchViewController.m */,
				4204A2C6196FFD24000D94CB /* Question.h */,
				4204A2C7196FFD24000D94CB /* Question.m */,
				4204A2C9196FFD75000D94CB /* GameScore.h */,
				4204A2CA196FFD75000D94CB /* GameScore.m */,
				42B5A0021968C4450051439F /* FlickrPhotoCell.h */,
				42B5A0031968C4450051439F /* FlickrPhotoCell.m */,
				4275516A197236AC004465D7 /* ChallengesViewController.h */,
				4275516B197236AC004465D7 /* ChallengesViewController.m */,
				42CB202B196E280B00DA552F /* MakeQuestionViewController.h */,
				42CB202C196E280B00DA552F /* MakeQuestionViewController.m */,
				4204A2C3196FFB22000D94CB /* SolveChallengeViewController.h */,
				4204A2C4196FFB22000D94CB /* SolveChallengeViewController.m */,
				4275515019722892004465D7 /* GalleryViewController.h */,
				4275515119722892004465D7 /* GalleryViewController.m */,
				4255021E1972BBD200AFC474 /* GalleryCellView.h */,
				4288E8811983F06400DE5E9E /* ChallengeCellView.h */,
				4288E8821983F06400DE5E9E /* ChallengeCellView.m */,
				4255021F1972BBD200AFC474 /* GalleryCellView.m */,
				42B59FFD19684E3D0051439F /* Storyboard_iPhone.storyboard */,
				429F5B7F1964C48D0009DCBF /* Images.xcassets */,
				429F5B6B1964C48D0009DCBF /* Supporting Files */,
			);
			path = imagematch;
			sourceTree = "<group>";
		};
		429F5B6B1964C48D0009DCBF /* Supporting Files */ = {
			isa = PBXGroup;
			children = (
				429F5B6C1964C48D0009DCBF /* imagematch-Info.plist */,
				429F5B6D1964C48D0009DCBF /* InfoPlist.strings */,
				429F5B701964C48D0009DCBF /* main.m */,
				429F5B721964C48D0009DCBF /* imagematch-Prefix.pch */,
			);
			name = "Supporting Files";
			sourceTree = "<group>";
		};
		42B59FB2196830D70051439F /* Vendor */ = {
			isa = PBXGroup;
			children = (
				422284251973F409006DCD7A /* HUDView */,
				4275515319722AEC004465D7 /* SwipeCell */,
				4204A2CC19700317000D94CB /* AAShareBubbles */,
				42CB2031196EB14200DA552F /* MBAlertView */,
				4242FECC19695DF100245ABC /* SDWebImage */,
				42B59FC219683D3D0051439F /* FlatKit */,
			);
			name = Vendor;
			sourceTree = "<group>";
		};
		42B59FB3196830E50051439F /* Assets */ = {
			isa = PBXGroup;
			children = (
				4275516619722EC9004465D7 /* ribbon.png */,
				4275516719722EC9004465D7 /* ribbon@2x.png */,
				4204A2D219700528000D94CB /* share52.png */,
				4204A2D319700528000D94CB /* share52@2x.png */,
				4259B16C19714F4C006BF9CA /* coin84.png */,
				4259B16D19714F4C006BF9CA /* coin84@2x.png */,
				4259B16E19714F4C006BF9CA /* coin44.png */,
				4259B16F19714F4C006BF9CA /* coin44@2x.png */,
				42B59FFB19684BD70051439F /* FontAwesome.otf */,
				42B59FBC1968311B0051439F /* subtle_stripes@2X.png */,
				42B59FBD1968311B0051439F /* subtle_stripes.png */,
				42B59FB4196830F50051439F /* cha-ching.wav */,
				42B59FB5196830F50051439F /* beep-horn.aif */,
				42B59FB6196830F50051439F /* sndLetterButton.aif */,
				42B59FB7196830F50051439F /* sndUndo.aif */,
				4259B17419716817006BF9CA /* loading.png */,
				42A4A153197183E5001D4B6C /* list@2x.png */,
				42A4A154197183E5001D4B6C /* list.png */,
			);
			name = Assets;
			sourceTree = "<group>";
		};
		42B59FC219683D3D0051439F /* FlatKit */ = {
			isa = PBXGroup;
			children = (
				42B59FC319683D480051439F /* UIColor+FlatUI.h */,
				42B59FC419683D480051439F /* UIColor+FlatUI.m */,
			);
			name = FlatKit;
			sourceTree = "<group>";
		};
		42CB2031196EB14200DA552F /* MBAlertView */ = {
			isa = PBXGroup;
			children = (
				42CB2032196EB14200DA552F /* Categories */,
				42CB2039196EB14200DA552F /* Classic */,
				42CB2040196EB14200DA552F /* Flat */,
				42CB204C196EB14200DA552F /* HUD */,
				42CB2053196EB14200DA552F /* MBAlertAbstract.h */,
				42CB2054196EB14200DA552F /* MBAlertAbstract.m */,
				42CB2055196EB14200DA552F /* Protected */,
			);
			path = MBAlertView;
			sourceTree = "<group>";
		};
		42CB2032196EB14200DA552F /* Categories */ = {
			isa = PBXGroup;
			children = (
				42CB2033196EB14200DA552F /* NSString+Trim.h */,
				42CB2034196EB14200DA552F /* NSString+Trim.m */,
				42CB2035196EB14200DA552F /* UIFont+Alert.h */,
				42CB2036196EB14200DA552F /* UIFont+Alert.m */,
				42CB2037196EB14200DA552F /* UIView+Alert.h */,
				42CB2038196EB14200DA552F /* UIView+Alert.m */,
			);
			path = Categories;
			sourceTree = "<group>";
		};
		42CB2039196EB14200DA552F /* Classic */ = {
			isa = PBXGroup;
			children = (
				42CB203A196EB14200DA552F /* MBAlertView.h */,
				42CB203B196EB14200DA552F /* MBAlertView.m */,
				42CB203C196EB14200DA552F /* MBAlertViewButton.h */,
				42CB203D196EB14200DA552F /* MBAlertViewButton.m */,
				42CB203E196EB14200DA552F /* MBAlertViewItem.h */,
				42CB203F196EB14200DA552F /* MBAlertViewItem.m */,
			);
			path = Classic;
			sourceTree = "<group>";
		};
		42CB2040196EB14200DA552F /* Flat */ = {
			isa = PBXGroup;
			children = (
				42CB2041196EB14200DA552F /* AutolayoutHelpers */,
				42CB2046196EB14200DA552F /* MBFlatAlertAbstract.h */,
				42CB2047196EB14200DA552F /* MBFlatAlertAbstract.m */,
				42CB2048196EB14200DA552F /* MBFlatAlertButton.h */,
				42CB2049196EB14200DA552F /* MBFlatAlertButton.m */,
				42CB204A196EB14200DA552F /* MBFlatAlertView.h */,
				42CB204B196EB14200DA552F /* MBFlatAlertView.m */,
			);
			path = Flat;
			sourceTree = "<group>";
		};
		42CB2041196EB14200DA552F /* AutolayoutHelpers */ = {
			isa = PBXGroup;
			children = (
				42CB2042196EB14200DA552F /* AutoLayoutHelpers.h */,
				42CB2043196EB14200DA552F /* AutoLayoutHelpers.m */,
				42CB2044196EB14200DA552F /* UIView+Autolayout.h */,
				42CB2045196EB14200DA552F /* UIView+Autolayout.m */,
			);
			path = AutolayoutHelpers;
			sourceTree = "<group>";
		};
		42CB204C196EB14200DA552F /* HUD */ = {
			isa = PBXGroup;
			children = (
				42CB204D196EB14200DA552F /* MBCheckMarkView.h */,
				42CB204E196EB14200DA552F /* MBCheckMarkView.m */,
				42CB204F196EB14200DA552F /* MBHUDView.h */,
				42CB2050196EB14200DA552F /* MBHUDView.m */,
				42CB2051196EB14200DA552F /* MBSpinningCircle.h */,
				42CB2052196EB14200DA552F /* MBSpinningCircle.m */,
			);
			path = HUD;
			sourceTree = "<group>";
		};
		42CB2055196EB14200DA552F /* Protected */ = {
			isa = PBXGroup;
			children = (
				42CB2056196EB14200DA552F /* MBAlertViewSubclass.h */,
			);
			path = Protected;
			sourceTree = "<group>";
		};
/* End PBXGroup section */

/* Begin PBXNativeTarget section */
		429F5B601964C48D0009DCBF /* imagematch */ = {
			isa = PBXNativeTarget;
			buildConfigurationList = 429F5B961964C48E0009DCBF /* Build configuration list for PBXNativeTarget "imagematch" */;
			buildPhases = (
				429F5B5D1964C48D0009DCBF /* Sources */,
				429F5B5E1964C48D0009DCBF /* Frameworks */,
				429F5B5F1964C48D0009DCBF /* Resources */,
			);
			buildRules = (
			);
			dependencies = (
			);
			name = imagematch;
			productName = imagematch;
			productReference = 429F5B611964C48D0009DCBF /* imagematch.app */;
			productType = "com.apple.product-type.application";
		};
/* End PBXNativeTarget section */

/* Begin PBXProject section */
		429F5B591964C48D0009DCBF /* Project object */ = {
			isa = PBXProject;
			attributes = {
				LastUpgradeCheck = 0510;
				ORGANIZATIONNAME = iavian;
			};
			buildConfigurationList = 429F5B5C1964C48D0009DCBF /* Build configuration list for PBXProject "imagematch" */;
			compatibilityVersion = "Xcode 3.2";
			developmentRegion = English;
			hasScannedForEncodings = 0;
			knownRegions = (
				en,
				Base,
			);
			mainGroup = 429F5B581964C48D0009DCBF;
			productRefGroup = 429F5B621964C48D0009DCBF /* Products */;
			projectDirPath = "";
			projectRoot = "";
			targets = (
				429F5B601964C48D0009DCBF /* imagematch */,
			);
		};
/* End PBXProject section */

/* Begin PBXResourcesBuildPhase section */
		429F5B5F1964C48D0009DCBF /* Resources */ = {
			isa = PBXResourcesBuildPhase;
			buildActionMask = 2147483647;
			files = (
				4275516819722EC9004465D7 /* ribbon.png in Resources */,
				4259B17519716817006BF9CA /* loading.png in Resources */,
				42B59FBE1968311B0051439F /* subtle_stripes@2X.png in Resources */,
				429F5B801964C48D0009DCBF /* Images.xcassets in Resources */,
				4259B17019714F4C006BF9CA /* coin84.png in Resources */,
				42B59FFE19684E3D0051439F /* Storyboard_iPhone.storyboard in Resources */,
				42B59FB9196830F50051439F /* beep-horn.aif in Resources */,
				4204A2D419700528000D94CB /* share52.png in Resources */,
				4259B17119714F4C006BF9CA /* coin84@2x.png in Resources */,
				4204A2D019700320000D94CB /* AAShareBubbles.bundle in Resources */,
				42B59FBF1968311B0051439F /* subtle_stripes.png in Resources */,
				42B59FBB196830F50051439F /* sndUndo.aif in Resources */,
				42A4A156197183E5001D4B6C /* list.png in Resources */,
				42B59FFC19684BD70051439F /* FontAwesome.otf in Resources */,
				429F5B6F1964C48D0009DCBF /* InfoPlist.strings in Resources */,
				42B59FB8196830F50051439F /* cha-ching.wav in Resources */,
				4259B17319714F4C006BF9CA /* coin44@2x.png in Resources */,
				4204A2D519700528000D94CB /* share52@2x.png in Resources */,
				42A4A155197183E5001D4B6C /* list@2x.png in Resources */,
				4259B17219714F4C006BF9CA /* coin44.png in Resources */,
				4275516919722EC9004465D7 /* ribbon@2x.png in Resources */,
				42B59FBA196830F50051439F /* sndLetterButton.aif in Resources */,
			);
			runOnlyForDeploymentPostprocessing = 0;
		};
/* End PBXResourcesBuildPhase section */

/* Begin PBXSourcesBuildPhase section */
		429F5B5D1964C48D0009DCBF /* Sources */ = {
			isa = PBXSourcesBuildPhase;
			buildActionMask = 2147483647;
			files = (
				42B59FC519683D480051439F /* UIColor+FlatUI.m in Sources */,
				42CB2057196EB14200DA552F /* NSString+Trim.m in Sources */,
				4275516519722BB8004465D7 /* SWUtilityButtonView.m in Sources */,
				4242FEF519695DF100245ABC /* SDWebImageManager.m in Sources */,
				4242FEF019695DF100245ABC /* SDImageCache.m in Sources */,
				4242FEF419695DF100245ABC /* SDWebImageDownloaderOperation.m in Sources */,
				4242FEFD19695DF100245ABC /* UIView+WebCacheOperation.m in Sources */,
				42B5A0041968C4450051439F /* FlickrPhotoCell.m in Sources */,
				4204A2C5196FFB22000D94CB /* SolveChallengeViewController.m in Sources */,
				4242FEF719695DF100245ABC /* UIButton+WebCache.m in Sources */,
				42CB205E196EB14200DA552F /* UIView+Autolayout.m in Sources */,
				4242FEEF19695DF100245ABC /* NSData+ImageContentType.m in Sources */,
				4242FEF619695DF100245ABC /* SDWebImagePrefetcher.m in Sources */,
				4275516119722BB8004465D7 /* SWCellScrollView.m in Sources */,
				4275515219722892004465D7 /* GalleryViewController.m in Sources */,
				4242FEF319695DF100245ABC /* SDWebImageDownloader.m in Sources */,
				4275516019722BB8004465D7 /* NSMutableArray+SWUtilityButtons.m in Sources */,
				429F5B7E1964C48D0009DCBF /* RootViewController.m in Sources */,
				4275516C197236AC004465D7 /* ChallengesViewController.m in Sources */,
				42CB2061196EB14200DA552F /* MBFlatAlertView.m in Sources */,
				42CB205A196EB14200DA552F /* MBAlertView.m in Sources */,
				4242FEFA19695DF100245ABC /* UIImage+WebP.m in Sources */,
				42CB2064196EB14200DA552F /* MBSpinningCircle.m in Sources */,
				4204A2CB196FFD75000D94CB /* GameScore.m in Sources */,
				4275516419722BB8004465D7 /* SWUtilityButtonTapGestureRecognizer.m in Sources */,
				4242FEFC19695DF100245ABC /* UIImageView+WebCache.m in Sources */,
				42CB2062196EB14200DA552F /* MBCheckMarkView.m in Sources */,
				4242FEF219695DF100245ABC /* SDWebImageDecoder.m in Sources */,
				42CB205B196EB14200DA552F /* MBAlertViewButton.m in Sources */,
				42CB205F196EB14200DA552F /* MBFlatAlertAbstract.m in Sources */,
				425502201972BBD200AFC474 /* GalleryCellView.m in Sources */,
				42CB2063196EB14200DA552F /* MBHUDView.m in Sources */,
				429F5B751964C48D0009DCBF /* AppDelegate.m in Sources */,
				4242FEEE19695DF100245ABC /* MKAnnotationView+WebCache.m in Sources */,
				4242FEF119695DF100245ABC /* SDWebImageCompat.m in Sources */,
				4275516319722BB8004465D7 /* SWTableViewCell.m in Sources */,
				42CB2058196EB14200DA552F /* UIFont+Alert.m in Sources */,
				42CB202D196E280B00DA552F /* MakeQuestionViewController.m in Sources */,
				4275516219722BB8004465D7 /* SWLongPressGestureRecognizer.m in Sources */,
				429F5B711964C48D0009DCBF /* main.m in Sources */,
				4288E8831983F06400DE5E9E /* ChallengeCellView.m in Sources */,
				42CB2065196EB14200DA552F /* MBAlertAbstract.m in Sources */,
				42CB2059196EB14200DA552F /* UIView+Alert.m in Sources */,
				42B5A0011968BC1F0051439F /* ImgSearchViewController.m in Sources */,
				4242FEF919695DF100245ABC /* UIImage+MultiFormat.m in Sources */,
				42CB205D196EB14200DA552F /* AutoLayoutHelpers.m in Sources */,
				4242FEFB19695DF100245ABC /* UIImageView+HighlightedWebCache.m in Sources */,
				42CB205C196EB14200DA552F /* MBAlertViewItem.m in Sources */,
				4204A2C8196FFD24000D94CB /* Question.m in Sources */,
				4242FEF819695DF100245ABC /* UIImage+GIF.m in Sources */,
				42CB2060196EB14200DA552F /* MBFlatAlertButton.m in Sources */,
				4204A2D119700320000D94CB /* AAShareBubbles.m in Sources */,
			);
			runOnlyForDeploymentPostprocessing = 0;
		};
/* End PBXSourcesBuildPhase section */

/* Begin PBXVariantGroup section */
		429F5B6D1964C48D0009DCBF /* InfoPlist.strings */ = {
			isa = PBXVariantGroup;
			children = (
				429F5B6E1964C48D0009DCBF /* en */,
			);
			name = InfoPlist.strings;
			sourceTree = "<group>";
		};
/* End PBXVariantGroup section */

/* Begin XCBuildConfiguration section */
		429F5B941964C48E0009DCBF /* Debug */ = {
			isa = XCBuildConfiguration;
			buildSettings = {
				ALWAYS_SEARCH_USER_PATHS = NO;
				CLANG_CXX_LANGUAGE_STANDARD = "gnu++0x";
				CLANG_CXX_LIBRARY = "libc++";
				CLANG_ENABLE_MODULES = YES;
				CLANG_ENABLE_OBJC_ARC = YES;
				CLANG_WARN_BOOL_CONVERSION = YES;
				CLANG_WARN_CONSTANT_CONVERSION = YES;
				CLANG_WARN_DIRECT_OBJC_ISA_USAGE = YES_ERROR;
				CLANG_WARN_EMPTY_BODY = YES;
				CLANG_WARN_ENUM_CONVERSION = YES;
				CLANG_WARN_INT_CONVERSION = YES;
				CLANG_WARN_OBJC_ROOT_CLASS = YES_ERROR;
				CLANG_WARN__DUPLICATE_METHOD_MATCH = YES;
				"CODE_SIGN_IDENTITY[sdk=iphoneos*]" = "iPhone Developer";
				COPY_PHASE_STRIP = NO;
				GCC_C_LANGUAGE_STANDARD = gnu99;
				GCC_DYNAMIC_NO_PIC = NO;
				GCC_OPTIMIZATION_LEVEL = 0;
				GCC_PREPROCESSOR_DEFINITIONS = (
					"DEBUG=1",
					"$(inherited)",
				);
				GCC_SYMBOLS_PRIVATE_EXTERN = NO;
				GCC_WARN_64_TO_32_BIT_CONVERSION = YES;
				GCC_WARN_ABOUT_RETURN_TYPE = YES_ERROR;
				GCC_WARN_UNDECLARED_SELECTOR = YES;
				GCC_WARN_UNINITIALIZED_AUTOS = YES_AGGRESSIVE;
				GCC_WARN_UNUSED_FUNCTION = YES;
				GCC_WARN_UNUSED_VARIABLE = YES;
				IPHONEOS_DEPLOYMENT_TARGET = 7.1;
				ONLY_ACTIVE_ARCH = YES;
				SDKROOT = iphoneos;
				TARGETED_DEVICE_FAMILY = "1,2";
			};
			name = Debug;
		};
		429F5B951964C48E0009DCBF /* Release */ = {
			isa = XCBuildConfiguration;
			buildSettings = {
				ALWAYS_SEARCH_USER_PATHS = NO;
				CLANG_CXX_LANGUAGE_STANDARD = "gnu++0x";
				CLANG_CXX_LIBRARY = "libc++";
				CLANG_ENABLE_MODULES = YES;
				CLANG_ENABLE_OBJC_ARC = YES;
				CLANG_WARN_BOOL_CONVERSION = YES;
				CLANG_WARN_CONSTANT_CONVERSION = YES;
				CLANG_WARN_DIRECT_OBJC_ISA_USAGE = YES_ERROR;
				CLANG_WARN_EMPTY_BODY = YES;
				CLANG_WARN_ENUM_CONVERSION = YES;
				CLANG_WARN_INT_CONVERSION = YES;
				CLANG_WARN_OBJC_ROOT_CLASS = YES_ERROR;
				CLANG_WARN__DUPLICATE_METHOD_MATCH = YES;
				"CODE_SIGN_IDENTITY[sdk=iphoneos*]" = "iPhone Developer";
				COPY_PHASE_STRIP = YES;
				ENABLE_NS_ASSERTIONS = NO;
				GCC_C_LANGUAGE_STANDARD = gnu99;
				GCC_WARN_64_TO_32_BIT_CONVERSION = YES;
				GCC_WARN_ABOUT_RETURN_TYPE = YES_ERROR;
				GCC_WARN_UNDECLARED_SELECTOR = YES;
				GCC_WARN_UNINITIALIZED_AUTOS = YES_AGGRESSIVE;
				GCC_WARN_UNUSED_FUNCTION = YES;
				GCC_WARN_UNUSED_VARIABLE = YES;
				IPHONEOS_DEPLOYMENT_TARGET = 7.1;
				SDKROOT = iphoneos;
				TARGETED_DEVICE_FAMILY = "1,2";
				VALIDATE_PRODUCT = YES;
			};
			name = Release;
		};
		429F5B971964C48E0009DCBF /* Debug */ = {
			isa = XCBuildConfiguration;
			buildSettings = {
				ASSETCATALOG_COMPILER_APPICON_NAME = AppIcon;
				ASSETCATALOG_COMPILER_LAUNCHIMAGE_NAME = LaunchImage;
				FRAMEWORK_SEARCH_PATHS = (
					"$(inherited)",
					"$(PROJECT_DIR)",
				);
				GCC_PRECOMPILE_PREFIX_HEADER = YES;
				GCC_PREFIX_HEADER = "imagematch/imagematch-Prefix.pch";
				INFOPLIST_FILE = "imagematch/imagematch-Info.plist";
				IPHONEOS_DEPLOYMENT_TARGET = 7.0;
				PRODUCT_NAME = "$(TARGET_NAME)";
				WRAPPER_EXTENSION = app;
			};
			name = Debug;
		};
		429F5B981964C48E0009DCBF /* Release */ = {
			isa = XCBuildConfiguration;
			buildSettings = {
				ASSETCATALOG_COMPILER_APPICON_NAME = AppIcon;
				ASSETCATALOG_COMPILER_LAUNCHIMAGE_NAME = LaunchImage;
				FRAMEWORK_SEARCH_PATHS = (
					"$(inherited)",
					"$(PROJECT_DIR)",
				);
				GCC_PRECOMPILE_PREFIX_HEADER = YES;
				GCC_PREFIX_HEADER = "imagematch/imagematch-Prefix.pch";
				INFOPLIST_FILE = "imagematch/imagematch-Info.plist";
				IPHONEOS_DEPLOYMENT_TARGET = 7.0;
				PRODUCT_NAME = "$(TARGET_NAME)";
				WRAPPER_EXTENSION = app;
			};
			name = Release;
		};
/* End XCBuildConfiguration section */

/* Begin XCConfigurationList section */
		429F5B5C1964C48D0009DCBF /* Build configuration list for PBXProject "imagematch" */ = {
			isa = XCConfigurationList;
			buildConfigurations = (
				429F5B941964C48E0009DCBF /* Debug */,
				429F5B951964C48E0009DCBF /* Release */,
			);
			defaultConfigurationIsVisible = 0;
			defaultConfigurationName = Release;
		};
		429F5B961964C48E0009DCBF /* Build configuration list for PBXNativeTarget "imagematch" */ = {
			isa = XCConfigurationList;
			buildConfigurations = (
				429F5B971964C48E0009DCBF /* Debug */,
				429F5B981964C48E0009DCBF /* Release */,
			);
			defaultConfigurationIsVisible = 0;
			defaultConfigurationName = Release;
		};
/* End XCConfigurationList section */
	};
	rootObject = 429F5B591964C48D0009DCBF /* Project object */;
}
